
Microsoft Visual Studio Solution File, Format Version 12.00
# Visual Studio Version 17
VisualStudioVersion = 17.5.33627.172
MinimumVisualStudioVersion = 10.0.40219.1
Project("{FAE04EC0-301F-11D3-BF4B-00C04F79EFBC}") = "CampusJournal", "CampusJournal\CampusJournal.csproj", "{67062FEB-2BC5-42AA-9767-DCD425EDD857}"
EndProject
Global
	GlobalSection(SolutionConfigurationPlatforms) = preSolution
		Debug|Any CPU = Debug|Any CPU
		Release|Any CPU = Release|Any CPU
	EndGlobalSection
	GlobalSection(ProjectConfigurationPlatforms) = postSolution
		{67062FEB-2BC5-42AA-9767-DCD425EDD857}.Debug|Any CPU.ActiveCfg = Debug|Any CPU
		{67062FEB-2BC5-42AA-9767-DCD425EDD857}.Debug|Any CPU.Build.0 = Debug|Any CPU
		{67062FEB-2BC5-42AA-9767-DCD425EDD857}.Release|Any CPU.ActiveCfg = Release|Any CPU
		{67062FEB-2BC5-42AA-9767-DCD425EDD857}.Release|Any CPU.Build.0 = Release|Any CPU
	EndGlobalSection
	GlobalSection(SolutionProperties) = preSolution
		HideSolutionNode = FALSE
	EndGlobalSection
	GlobalSection(ExtensibilityGlobals) = postSolution
		SolutionGuid = {ABB8B234-A653-4A9E-A44B-D8AEA43B572F}
	EndGlobalSection
EndGlobal
